
Microsoft Visual Studio Solution File, Format Version 12.00
# Visual Studio Version 17
VisualStudioVersion = 17.4.33103.184
MinimumVisualStudioVersion = 10.0.40219.1
Project("{FAE04EC0-301F-11D3-BF4B-00C04F79EFBC}") = "BlackDesertOnline_Codes_Discord", "BlackDesertOnline_Codes_Discord\BlackDesertOnline_Codes_Discord.csproj", "{BF6EED13-D33C-461E-A174-F4F7F785957F}"
EndProject
Global
	GlobalSection(SolutionConfigurationPlatforms) = preSolution
		Debug|Any CPU = Debug|Any CPU
		Release|Any CPU = Release|Any CPU
	EndGlobalSection
	GlobalSection(ProjectConfigurationPlatforms) = postSolution
		{BF6EED13-D33C-461E-A174-F4F7F785957F}.Debug|Any CPU.ActiveCfg = Debug|Any CPU
		{BF6EED13-D33C-461E-A174-F4F7F785957F}.Debug|Any CPU.Build.0 = Debug|Any CPU
		{BF6EED13-D33C-461E-A174-F4F7F785957F}.Release|Any CPU.ActiveCfg = Release|Any CPU
		{BF6EED13-D33C-461E-A174-F4F7F785957F}.Release|Any CPU.Build.0 = Release|Any CPU
	EndGlobalSection
	GlobalSection(SolutionProperties) = preSolution
		HideSolutionNode = FALSE
	EndGlobalSection
	GlobalSection(ExtensibilityGlobals) = postSolution
		SolutionGuid = {BE2CF880-78D0-46A4-A836-08339404BB6B}
	EndGlobalSection
EndGlobal
